
Microsoft Visual Studio Solution File, Format Version 12.00
# Visual Studio Version 17
VisualStudioVersion = 17.9.34714.143
MinimumVisualStudioVersion = 10.0.40219.1
Project("{FAE04EC0-301F-11D3-BF4B-00C04F79EFBC}") = "K22CNT2-NongVanBach-2210900003", "K22CNT2-NongVanBach-2210900003\K22CNT2-NongVanBach-2210900003.csproj", "{195BF157-E832-4888-B25B-FF12B8DC4F21}"
EndProject
Global
	GlobalSection(SolutionConfigurationPlatforms) = preSolution
		Debug|Any CPU = Debug|Any CPU
		Release|Any CPU = Release|Any CPU
	EndGlobalSection
	GlobalSection(ProjectConfigurationPlatforms) = postSolution
		{195BF157-E832-4888-B25B-FF12B8DC4F21}.Debug|Any CPU.ActiveCfg = Debug|Any CPU
		{195BF157-E832-4888-B25B-FF12B8DC4F21}.Debug|Any CPU.Build.0 = Debug|Any CPU
		{195BF157-E832-4888-B25B-FF12B8DC4F21}.Release|Any CPU.ActiveCfg = Release|Any CPU
		{195BF157-E832-4888-B25B-FF12B8DC4F21}.Release|Any CPU.Build.0 = Release|Any CPU
	EndGlobalSection
	GlobalSection(SolutionProperties) = preSolution
		HideSolutionNode = FALSE
	EndGlobalSection
	GlobalSection(ExtensibilityGlobals) = postSolution
		SolutionGuid = {D5732B55-7393-4678-8A0F-04144C7D958F}
	EndGlobalSection
EndGlobal
